
Microsoft Visual Studio Solution File, Format Version 12.00
# Visual Studio Version 17
VisualStudioVersion = 17.12.35707.178 d17.12
MinimumVisualStudioVersion = 10.0.40219.1
Project("{FAE04EC0-301F-11D3-BF4B-00C04F79EFBC}") = "Inventory Management System", "Inventory Management System.csproj", "{D74FFF22-50A7-42A0-9726-440EC88AF68F}"
EndProject
Project("{FAE04EC0-301F-11D3-BF4B-00C04F79EFBC}") = "Application", "..\MyApp.Application\Application.csproj", "{8D32DABF-12D6-4E79-9BFD-698F770AB517}"
EndProject
Project("{FAE04EC0-301F-11D3-BF4B-00C04F79EFBC}") = "Domain", "..\Domain\Domain.csproj", "{2D6450D3-CD98-408C-A151-8EAD2768927A}"
EndProject
Project("{FAE04EC0-301F-11D3-BF4B-00C04F79EFBC}") = "Infrastructure", "..\Infrastructure\Infrastructure.csproj", "{4F915428-7681-435F-8FA4-E130FC6B3F13}"
EndProject
Global
	GlobalSection(SolutionConfigurationPlatforms) = preSolution
		Debug|Any CPU = Debug|Any CPU
		Release|Any CPU = Release|Any CPU
	EndGlobalSection
	GlobalSection(ProjectConfigurationPlatforms) = postSolution
		{D74FFF22-50A7-42A0-9726-440EC88AF68F}.Debug|Any CPU.ActiveCfg = Debug|Any CPU
		{D74FFF22-50A7-42A0-9726-440EC88AF68F}.Debug|Any CPU.Build.0 = Debug|Any CPU
		{D74FFF22-50A7-42A0-9726-440EC88AF68F}.Release|Any CPU.ActiveCfg = Release|Any CPU
		{D74FFF22-50A7-42A0-9726-440EC88AF68F}.Release|Any CPU.Build.0 = Release|Any CPU
		{8D32DABF-12D6-4E79-9BFD-698F770AB517}.Debug|Any CPU.ActiveCfg = Debug|Any CPU
		{8D32DABF-12D6-4E79-9BFD-698F770AB517}.Debug|Any CPU.Build.0 = Debug|Any CPU
		{8D32DABF-12D6-4E79-9BFD-698F770AB517}.Release|Any CPU.ActiveCfg = Release|Any CPU
		{8D32DABF-12D6-4E79-9BFD-698F770AB517}.Release|Any CPU.Build.0 = Release|Any CPU
		{2D6450D3-CD98-408C-A151-8EAD2768927A}.Debug|Any CPU.ActiveCfg = Debug|Any CPU
		{2D6450D3-CD98-408C-A151-8EAD2768927A}.Debug|Any CPU.Build.0 = Debug|Any CPU
		{2D6450D3-CD98-408C-A151-8EAD2768927A}.Release|Any CPU.ActiveCfg = Release|Any CPU
		{2D6450D3-CD98-408C-A151-8EAD2768927A}.Release|Any CPU.Build.0 = Release|Any CPU
		{4F915428-7681-435F-8FA4-E130FC6B3F13}.Debug|Any CPU.ActiveCfg = Debug|Any CPU
		{4F915428-7681-435F-8FA4-E130FC6B3F13}.Debug|Any CPU.Build.0 = Debug|Any CPU
		{4F915428-7681-435F-8FA4-E130FC6B3F13}.Release|Any CPU.ActiveCfg = Release|Any CPU
		{4F915428-7681-435F-8FA4-E130FC6B3F13}.Release|Any CPU.Build.0 = Release|Any CPU
	EndGlobalSection
	GlobalSection(SolutionProperties) = preSolution
		HideSolutionNode = FALSE
	EndGlobalSection
EndGlobal
